
Microsoft Visual Studio Solution File, Format Version 9.00
# Visual Studio 2005
Project("{FAE04EC0-301F-11D3-BF4B-00C04F79EFBC}") = "Smokin meats!", "Smokin meats!\Smokin meats!.csproj", "{C3D97748-F851-4A0E-B645-086A4C7A14B4}"
EndProject
Global
	GlobalSection(SolutionConfigurationPlatforms) = preSolution
		Debug|Any CPU = Debug|Any CPU
		Release|Any CPU = Release|Any CPU
	EndGlobalSection
	GlobalSection(ProjectConfigurationPlatforms) = postSolution
		{C3D97748-F851-4A0E-B645-086A4C7A14B4}.Debug|Any CPU.ActiveCfg = Debug|Any CPU
		{C3D97748-F851-4A0E-B645-086A4C7A14B4}.Debug|Any CPU.Build.0 = Debug|Any CPU
		{C3D97748-F851-4A0E-B645-086A4C7A14B4}.Release|Any CPU.ActiveCfg = Release|Any CPU
		{C3D97748-F851-4A0E-B645-086A4C7A14B4}.Release|Any CPU.Build.0 = Release|Any CPU
	EndGlobalSection
	GlobalSection(SolutionProperties) = preSolution
		HideSolutionNode = FALSE
	EndGlobalSection
EndGlobal
